
Microsoft Visual Studio Solution File, Format Version 12.00
# Visual Studio Version 17
VisualStudioVersion = 17.14.36401.2 d17.14
MinimumVisualStudioVersion = 10.0.40219.1
Project("{FAE04EC0-301F-11D3-BF4B-00C04F79EFBC}") = "Nexus", "src\Nexus\Nexus.csproj", "{C33D0032-E50D-4486-878B-9273DC1E026D}"
EndProject
Global
	GlobalSection(SolutionConfigurationPlatforms) = preSolution
		Debug|Any CPU = Debug|Any CPU
		Release|Any CPU = Release|Any CPU
	EndGlobalSection
	GlobalSection(ProjectConfigurationPlatforms) = postSolution
		{C33D0032-E50D-4486-878B-9273DC1E026D}.Debug|Any CPU.ActiveCfg = Debug|Any CPU
		{C33D0032-E50D-4486-878B-9273DC1E026D}.Debug|Any CPU.Build.0 = Debug|Any CPU
		{C33D0032-E50D-4486-878B-9273DC1E026D}.Release|Any CPU.ActiveCfg = Release|Any CPU
		{C33D0032-E50D-4486-878B-9273DC1E026D}.Release|Any CPU.Build.0 = Release|Any CPU
	EndGlobalSection
	GlobalSection(SolutionProperties) = preSolution
		HideSolutionNode = FALSE
	EndGlobalSection
	GlobalSection(ExtensibilityGlobals) = postSolution
		SolutionGuid = {546F06B5-37D0-4875-9DBA-F86B5E6560EF}
	EndGlobalSection
EndGlobal
